
Microsoft Visual Studio Solution File, Format Version 12.00
# Visual Studio Version 17
VisualStudioVersion = 17.14.36401.2 d17.14
MinimumVisualStudioVersion = 10.0.40219.1
Project("{FAE04EC0-301F-11D3-BF4B-00C04F79EFBC}") = "CICDMinimalAPIDemo", "CICDMinimalAPIDemo\CICDMinimalAPIDemo.csproj", "{6605BB30-B57C-4342-8ACD-7C926128EED4}"
EndProject
Project("{FAE04EC0-301F-11D3-BF4B-00C04F79EFBC}") = "CICDMinimalAPIDemoTests", "CICDMinimalAPIDemoTests\CICDMinimalAPIDemoTests.csproj", "{79D2165A-1ACD-428A-A694-6730AB1262B6}"
EndProject
Global
	GlobalSection(SolutionConfigurationPlatforms) = preSolution
		Debug|Any CPU = Debug|Any CPU
		Release|Any CPU = Release|Any CPU
	EndGlobalSection
	GlobalSection(ProjectConfigurationPlatforms) = postSolution
		{6605BB30-B57C-4342-8ACD-7C926128EED4}.Debug|Any CPU.ActiveCfg = Debug|Any CPU
		{6605BB30-B57C-4342-8ACD-7C926128EED4}.Debug|Any CPU.Build.0 = Debug|Any CPU
		{6605BB30-B57C-4342-8ACD-7C926128EED4}.Release|Any CPU.ActiveCfg = Release|Any CPU
		{6605BB30-B57C-4342-8ACD-7C926128EED4}.Release|Any CPU.Build.0 = Release|Any CPU
		{79D2165A-1ACD-428A-A694-6730AB1262B6}.Debug|Any CPU.ActiveCfg = Debug|Any CPU
		{79D2165A-1ACD-428A-A694-6730AB1262B6}.Debug|Any CPU.Build.0 = Debug|Any CPU
		{79D2165A-1ACD-428A-A694-6730AB1262B6}.Release|Any CPU.ActiveCfg = Release|Any CPU
		{79D2165A-1ACD-428A-A694-6730AB1262B6}.Release|Any CPU.Build.0 = Release|Any CPU
	EndGlobalSection
	GlobalSection(SolutionProperties) = preSolution
		HideSolutionNode = FALSE
	EndGlobalSection
	GlobalSection(ExtensibilityGlobals) = postSolution
		SolutionGuid = {587FEB1C-8DF7-4DEB-85A2-4BBB906A7D14}
	EndGlobalSection
EndGlobal
